
Microsoft Visual Studio Solution File, Format Version 12.00
# Visual Studio Version 17
VisualStudioVersion = 17.4.33205.214
MinimumVisualStudioVersion = 10.0.40219.1
Project("{9A19103F-16F7-4668-BE54-9A1E7A4F7556}") = "1_SimpleQueue", "1_SimpleQueue\1_SimpleQueue.csproj", "{2BE975C8-CB68-4E4E-A049-7A2C06446662}"
EndProject
Project("{9A19103F-16F7-4668-BE54-9A1E7A4F7556}") = "2_SimpleManualQueue", "2_SimpleManualQueue\2_SimpleManualQueue.csproj", "{2E131F94-42FC-4498-AB48-CBE36B2E3024}"
EndProject
Project("{FAE04EC0-301F-11D3-BF4B-00C04F79EFBC}") = "3_SimpleStack", "3_SimpleStack\3_SimpleStack.csproj", "{B93EAEFE-4ABE-4352-A04B-F9082B918292}"
EndProject
Global
	GlobalSection(SolutionConfigurationPlatforms) = preSolution
		Debug|Any CPU = Debug|Any CPU
		Release|Any CPU = Release|Any CPU
	EndGlobalSection
	GlobalSection(ProjectConfigurationPlatforms) = postSolution
		{2BE975C8-CB68-4E4E-A049-7A2C06446662}.Debug|Any CPU.ActiveCfg = Debug|Any CPU
		{2BE975C8-CB68-4E4E-A049-7A2C06446662}.Debug|Any CPU.Build.0 = Debug|Any CPU
		{2BE975C8-CB68-4E4E-A049-7A2C06446662}.Release|Any CPU.ActiveCfg = Release|Any CPU
		{2BE975C8-CB68-4E4E-A049-7A2C06446662}.Release|Any CPU.Build.0 = Release|Any CPU
		{2E131F94-42FC-4498-AB48-CBE36B2E3024}.Debug|Any CPU.ActiveCfg = Debug|Any CPU
		{2E131F94-42FC-4498-AB48-CBE36B2E3024}.Debug|Any CPU.Build.0 = Debug|Any CPU
		{2E131F94-42FC-4498-AB48-CBE36B2E3024}.Release|Any CPU.ActiveCfg = Release|Any CPU
		{2E131F94-42FC-4498-AB48-CBE36B2E3024}.Release|Any CPU.Build.0 = Release|Any CPU
		{B93EAEFE-4ABE-4352-A04B-F9082B918292}.Debug|Any CPU.ActiveCfg = Debug|Any CPU
		{B93EAEFE-4ABE-4352-A04B-F9082B918292}.Debug|Any CPU.Build.0 = Debug|Any CPU
		{B93EAEFE-4ABE-4352-A04B-F9082B918292}.Release|Any CPU.ActiveCfg = Release|Any CPU
		{B93EAEFE-4ABE-4352-A04B-F9082B918292}.Release|Any CPU.Build.0 = Release|Any CPU
	EndGlobalSection
	GlobalSection(SolutionProperties) = preSolution
		HideSolutionNode = FALSE
	EndGlobalSection
	GlobalSection(ExtensibilityGlobals) = postSolution
		SolutionGuid = {3A19B50C-6241-483E-BFE7-6A0E58F116BF}
	EndGlobalSection
EndGlobal
